
Microsoft Visual Studio Solution File, Format Version 12.00
# Visual Studio 15
VisualStudioVersion = 15.0.28307.902
MinimumVisualStudioVersion = 10.0.40219.1
Project("{FAE04EC0-301F-11D3-BF4B-00C04F79EFBC}") = "NotetakingApp", "NotetakingApp\NotetakingApp.csproj", "{A8648C87-5D61-4CB3-B57F-1715474424C9}"
EndProject
Project("{FAE04EC0-301F-11D3-BF4B-00C04F79EFBC}") = "DAL", "Database\DAL.csproj", "{B82F7656-162F-4EE1-A283-8B32448113F0}"
EndProject
Project("{FAE04EC0-301F-11D3-BF4B-00C04F79EFBC}") = "BLL", "BLL\BLL.csproj", "{B3175873-6EF6-4619-9685-0BA24D78D5DB}"
EndProject
Project("{FAE04EC0-301F-11D3-BF4B-00C04F79EFBC}") = "ColorPicker", "ColorPicker\ColorPicker.csproj", "{D417353A-DAF8-46F2-845C-43A0188841BA}"
EndProject
Global
	GlobalSection(SolutionConfigurationPlatforms) = preSolution
		Debug|Any CPU = Debug|Any CPU
		Release|Any CPU = Release|Any CPU
	EndGlobalSection
	GlobalSection(ProjectConfigurationPlatforms) = postSolution
		{A8648C87-5D61-4CB3-B57F-1715474424C9}.Debug|Any CPU.ActiveCfg = Debug|Any CPU
		{A8648C87-5D61-4CB3-B57F-1715474424C9}.Debug|Any CPU.Build.0 = Debug|Any CPU
		{A8648C87-5D61-4CB3-B57F-1715474424C9}.Release|Any CPU.ActiveCfg = Release|Any CPU
		{A8648C87-5D61-4CB3-B57F-1715474424C9}.Release|Any CPU.Build.0 = Release|Any CPU
		{B82F7656-162F-4EE1-A283-8B32448113F0}.Debug|Any CPU.ActiveCfg = Debug|Any CPU
		{B82F7656-162F-4EE1-A283-8B32448113F0}.Debug|Any CPU.Build.0 = Debug|Any CPU
		{B82F7656-162F-4EE1-A283-8B32448113F0}.Release|Any CPU.ActiveCfg = Release|Any CPU
		{B82F7656-162F-4EE1-A283-8B32448113F0}.Release|Any CPU.Build.0 = Release|Any CPU
		{B3175873-6EF6-4619-9685-0BA24D78D5DB}.Debug|Any CPU.ActiveCfg = Debug|Any CPU
		{B3175873-6EF6-4619-9685-0BA24D78D5DB}.Debug|Any CPU.Build.0 = Debug|Any CPU
		{B3175873-6EF6-4619-9685-0BA24D78D5DB}.Release|Any CPU.ActiveCfg = Release|Any CPU
		{B3175873-6EF6-4619-9685-0BA24D78D5DB}.Release|Any CPU.Build.0 = Release|Any CPU
		{D417353A-DAF8-46F2-845C-43A0188841BA}.Debug|Any CPU.ActiveCfg = Debug|Any CPU
		{D417353A-DAF8-46F2-845C-43A0188841BA}.Debug|Any CPU.Build.0 = Debug|Any CPU
		{D417353A-DAF8-46F2-845C-43A0188841BA}.Release|Any CPU.ActiveCfg = Release|Any CPU
		{D417353A-DAF8-46F2-845C-43A0188841BA}.Release|Any CPU.Build.0 = Release|Any CPU
	EndGlobalSection
	GlobalSection(SolutionProperties) = preSolution
		HideSolutionNode = FALSE
	EndGlobalSection
	GlobalSection(ExtensibilityGlobals) = postSolution
		SolutionGuid = {8E8BD364-B4BC-410B-988F-A231179B35F4}
	EndGlobalSection
EndGlobal
